
Microsoft Visual Studio Solution File, Format Version 12.00
# Visual Studio Version 16
VisualStudioVersion = 16.0.30320.27
MinimumVisualStudioVersion = 10.0.40219.1
Project("{9A19103F-16F7-4668-BE54-9A1E7A4F7556}") = "NewGround.Test", "NewGround.Test\NewGround.Test.csproj", "{3BDA096E-B3F7-4579-AA35-AAC03394E483}"
EndProject
Project("{9A19103F-16F7-4668-BE54-9A1E7A4F7556}") = "NewGround", "NewGround\NewGround.csproj", "{1BF8B00F-A75A-4F08-9D70-52A9F86FBB19}"
EndProject
Global
	GlobalSection(SolutionConfigurationPlatforms) = preSolution
		Debug|Any CPU = Debug|Any CPU
		Release|Any CPU = Release|Any CPU
	EndGlobalSection
	GlobalSection(ProjectConfigurationPlatforms) = postSolution
		{3BDA096E-B3F7-4579-AA35-AAC03394E483}.Debug|Any CPU.ActiveCfg = Debug|Any CPU
		{3BDA096E-B3F7-4579-AA35-AAC03394E483}.Debug|Any CPU.Build.0 = Debug|Any CPU
		{3BDA096E-B3F7-4579-AA35-AAC03394E483}.Release|Any CPU.ActiveCfg = Release|Any CPU
		{3BDA096E-B3F7-4579-AA35-AAC03394E483}.Release|Any CPU.Build.0 = Release|Any CPU
		{1BF8B00F-A75A-4F08-9D70-52A9F86FBB19}.Debug|Any CPU.ActiveCfg = Debug|Any CPU
		{1BF8B00F-A75A-4F08-9D70-52A9F86FBB19}.Debug|Any CPU.Build.0 = Debug|Any CPU
		{1BF8B00F-A75A-4F08-9D70-52A9F86FBB19}.Release|Any CPU.ActiveCfg = Release|Any CPU
		{1BF8B00F-A75A-4F08-9D70-52A9F86FBB19}.Release|Any CPU.Build.0 = Release|Any CPU
	EndGlobalSection
	GlobalSection(SolutionProperties) = preSolution
		HideSolutionNode = FALSE
	EndGlobalSection
	GlobalSection(ExtensibilityGlobals) = postSolution
		SolutionGuid = {A4811108-E200-4164-B46A-DEA7D6E8BC19}
	EndGlobalSection
EndGlobal
